
Microsoft Visual Studio Solution File, Format Version 12.00
# Visual Studio Version 16
VisualStudioVersion = 16.0.30711.63
MinimumVisualStudioVersion = 10.0.40219.1
Project("{FAE04EC0-301F-11D3-BF4B-00C04F79EFBC}") = "BookUserRatingApp", "BookUserRatingApp\BookUserRatingApp.csproj", "{29E29E4E-C763-4745-91EE-D3B7F2E1A587}"
EndProject
Global
	GlobalSection(SolutionConfigurationPlatforms) = preSolution
		Debug|Any CPU = Debug|Any CPU
		Release|Any CPU = Release|Any CPU
	EndGlobalSection
	GlobalSection(ProjectConfigurationPlatforms) = postSolution
		{29E29E4E-C763-4745-91EE-D3B7F2E1A587}.Debug|Any CPU.ActiveCfg = Debug|Any CPU
		{29E29E4E-C763-4745-91EE-D3B7F2E1A587}.Debug|Any CPU.Build.0 = Debug|Any CPU
		{29E29E4E-C763-4745-91EE-D3B7F2E1A587}.Release|Any CPU.ActiveCfg = Release|Any CPU
		{29E29E4E-C763-4745-91EE-D3B7F2E1A587}.Release|Any CPU.Build.0 = Release|Any CPU
	EndGlobalSection
	GlobalSection(SolutionProperties) = preSolution
		HideSolutionNode = FALSE
	EndGlobalSection
	GlobalSection(ExtensibilityGlobals) = postSolution
		SolutionGuid = {D795D812-1E91-4F01-A806-C411138CA625}
	EndGlobalSection
EndGlobal
