
Microsoft Visual Studio Solution File, Format Version 12.00
# Visual Studio Version 16
VisualStudioVersion = 16.0.30711.63
MinimumVisualStudioVersion = 10.0.40219.1
Project("{FAE04EC0-301F-11D3-BF4B-00C04F79EFBC}") = "BookUserRatingApp", "BookUserRatingApp\BookUserRatingApp.csproj", "{29E29E4E-C763-4745-91EE-D3B7F2E1A587}"
EndProject
Project("{2150E333-8FDC-42A3-9474-1A3956D46DE8}") = "CommonLayer", "CommonLayer", "{296B66CA-A015-4AD4-BC24-770DCCF091A8}"
EndProject
Project("{9A19103F-16F7-4668-BE54-9A1E7A4F7556}") = "UserBooks", "UserBooks\UserBooks.csproj", "{B5B6A336-BFF7-4873-A8F9-DC28655567E5}"
EndProject
Global
	GlobalSection(SolutionConfigurationPlatforms) = preSolution
		Debug|Any CPU = Debug|Any CPU
		Release|Any CPU = Release|Any CPU
	EndGlobalSection
	GlobalSection(ProjectConfigurationPlatforms) = postSolution
		{29E29E4E-C763-4745-91EE-D3B7F2E1A587}.Debug|Any CPU.ActiveCfg = Debug|Any CPU
		{29E29E4E-C763-4745-91EE-D3B7F2E1A587}.Debug|Any CPU.Build.0 = Debug|Any CPU
		{29E29E4E-C763-4745-91EE-D3B7F2E1A587}.Release|Any CPU.ActiveCfg = Release|Any CPU
		{29E29E4E-C763-4745-91EE-D3B7F2E1A587}.Release|Any CPU.Build.0 = Release|Any CPU
		{B5B6A336-BFF7-4873-A8F9-DC28655567E5}.Debug|Any CPU.ActiveCfg = Debug|Any CPU
		{B5B6A336-BFF7-4873-A8F9-DC28655567E5}.Debug|Any CPU.Build.0 = Debug|Any CPU
		{B5B6A336-BFF7-4873-A8F9-DC28655567E5}.Release|Any CPU.ActiveCfg = Release|Any CPU
		{B5B6A336-BFF7-4873-A8F9-DC28655567E5}.Release|Any CPU.Build.0 = Release|Any CPU
	EndGlobalSection
	GlobalSection(SolutionProperties) = preSolution
		HideSolutionNode = FALSE
	EndGlobalSection
	GlobalSection(NestedProjects) = preSolution
		{B5B6A336-BFF7-4873-A8F9-DC28655567E5} = {296B66CA-A015-4AD4-BC24-770DCCF091A8}
	EndGlobalSection
	GlobalSection(ExtensibilityGlobals) = postSolution
		SolutionGuid = {D795D812-1E91-4F01-A806-C411138CA625}
	EndGlobalSection
EndGlobal
